Microsoft Visual Studio Solution File, Format Version 12.00
# Visual Studio 2012
Project("{FAE04EC0-301F-11D3-BF4B-00C04F79EFBC}") = "WpfApplication40", "WpfApplication40\WpfApplication40.csproj", "{B254534F-127A-48F2-8444-9B39D9CFC672}"
EndProject
Global
	GlobalSection(SolutionConfigurationPlatforms) = preSolution
		Debug|Any CPU = Debug|Any CPU
		Release|Any CPU = Release|Any CPU
	EndGlobalSection
	GlobalSection(ProjectConfigurationPlatforms) = postSolution
		{B254534F-127A-48F2-8444-9B39D9CFC672}.Debug|Any CPU.ActiveCfg = Debug|Any CPU
		{B254534F-127A-48F2-8444-9B39D9CFC672}.Debug|Any CPU.Build.0 = Debug|Any CPU
		{B254534F-127A-48F2-8444-9B39D9CFC672}.Release|Any CPU.ActiveCfg = Release|Any CPU
		{B254534F-127A-48F2-8444-9B39D9CFC672}.Release|Any CPU.Build.0 = Release|Any CPU
	EndGlobalSection
	GlobalSection(SolutionProperties) = preSolution
		HideSolutionNode = FALSE
	EndGlobalSection
EndGlobal
